
Microsoft Visual Studio Solution File, Format Version 12.00
# Visual Studio Version 17
VisualStudioVersion = 17.1.32120.378
MinimumVisualStudioVersion = 10.0.40219.1
Project("{FAE04EC0-301F-11D3-BF4B-00C04F79EFBC}") = "Embark", "Embark\Embark.csproj", "{55BE8114-C59B-44B4-A860-5DC9968B93BE}"
EndProject
Global
	GlobalSection(SolutionConfigurationPlatforms) = preSolution
		Debug|Any CPU = Debug|Any CPU
		Release|Any CPU = Release|Any CPU
	EndGlobalSection
	GlobalSection(ProjectConfigurationPlatforms) = postSolution
		{55BE8114-C59B-44B4-A860-5DC9968B93BE}.Debug|Any CPU.ActiveCfg = Debug|Any CPU
		{55BE8114-C59B-44B4-A860-5DC9968B93BE}.Debug|Any CPU.Build.0 = Debug|Any CPU
		{55BE8114-C59B-44B4-A860-5DC9968B93BE}.Release|Any CPU.ActiveCfg = Release|Any CPU
		{55BE8114-C59B-44B4-A860-5DC9968B93BE}.Release|Any CPU.Build.0 = Release|Any CPU
	EndGlobalSection
	GlobalSection(SolutionProperties) = preSolution
		HideSolutionNode = FALSE
	EndGlobalSection
	GlobalSection(ExtensibilityGlobals) = postSolution
		SolutionGuid = {48829FF0-9533-4C6E-95C2-5040E5DC433E}
	EndGlobalSection
EndGlobal
